{
    "name": "@equinor/echo-testapp",
    "version": "0.0.1",
    "lockfileVersion": 2,
    "requires": true,
    "packages": {
        "": {
            "name": "@equinor/echo-testapp",
            "version": "0.0.1",
            "license": "ISC",
            "devDependencies": {
                "@equinor/echo-base": "^0.2.97",
                "@equinor/echo-cli": "file:..",
                "@equinor/echo-components": " 0.0.12",
                "@equinor/echo-core": "^0.2.99",
                "@equinor/echo-scripts": "0.1.5",
                "@equinor/echo-utils": "0.0.9",
                "@types/react": "^17.0.4",
                "react": "^17.0.2",
                "react-dom": "^17.0.2"
            },
            "peerDependencies": {
                "@equinor/echo-base": "^0.2.97",
                "@equinor/echo-components": " 0.0.12",
                "@equinor/echo-core": "^0.2.99",
                "@equinor/echo-scripts": "0.1.5",
                "@equinor/echo-utils": "0.0.9",
                "react": "^17.0.2",
                "react-dom": "^17.0.2"
            }
        },
        "..": {
            "name": "@equinor/echo-cli",
            "version": "0.1.15",
            "dev": true,
            "license": "MIT",
            "dependencies": {
                "@babel/core": "^7.12.10",
                "@babel/plugin-external-helpers": "^7.12.13",
                "@babel/preset-env": "^7.14.4",
                "@babel/preset-react": "^7.13.13",
                "@babel/preset-typescript": "^7.12.7",
                "@oclif/command": "^1.8.0",
                "@pmmmwh/react-refresh-webpack-plugin": "^0.4.3",
                "@rollup/plugin-babel": "^5.3.0",
                "@rollup/plugin-commonjs": "^19.0.0",
                "@rollup/plugin-json": "^4.1.0",
                "@rollup/plugin-node-resolve": "^11.2.1",
                "@rollup/plugin-url": "^6.0.0",
                "@svgr/rollup": "^5.5.0",
                "autoprefixer": "^10.2.5",
                "axios": "^0.21.1",
                "babel-loader": "^8.2.2",
                "babel-polyfill": "^6.26.0",
                "chalk": "^4.1.0",
                "clean-webpack-plugin": "^4.0.0-alpha.0",
                "css-loader": "^5.2.6",
                "dotenv-webpack": "^7.0.3",
                "execa": "^5.0.0",
                "figlet": "^1.5.0",
                "html-webpack-plugin": "^5.3.2",
                "inquirer": "^8.0.0",
                "listr": "^0.14.3",
                "ncp": "^2.0.0",
                "pem": "^1.14.4",
                "pkg-install": "^1.0.0",
                "postcss": "^8.3.0",
                "react": "17.0.1",
                "replace-in-file-webpack-plugin": "^1.0.6",
                "rollup": "^2.34.1",
                "rollup-plugin-cleanup": "^3.2.1",
                "rollup-plugin-delete": "^2.0.0",
                "rollup-plugin-livereload": "^2.0.0",
                "rollup-plugin-node-polyfills": "^0.2.1",
                "rollup-plugin-postcss": "^4.0.0",
                "rollup-plugin-preserve-shebangs": "^0.2.0",
                "rollup-plugin-serve": "^1.1.0",
                "rollup-plugin-typescript-paths": "^1.3.0",
                "rollup-plugin-typescript2": "^0.30.0",
                "rollup-plugin-web-worker-loader": "^1.6.1",
                "style-loader": "^3.0.0",
                "terser-webpack-plugin": "^5.1.4",
                "ts-loader": "^9.2.3",
                "typescript": "^4.2.3",
                "webpack": "^5.40.0",
                "webpack-bundle-analyzer": "^4.4.2",
                "webpack-dev-server": "^3.11.2",
                "webpackbar": "^5.0.0-3"
            },
            "bin": {
                "echo-build": "lib/echo-build.js",
                "echo-create": "lib/echo-create.js",
                "echo-manifest": "lib/echo-manifest.js",
                "echo-publish-module": "lib/echo-publish.js",
                "echo-run": "lib/echo-run.js"
            },
            "devDependencies": {
                "@microsoft/microsoft-graph-types": "^1.20.0",
                "@types/jest": "^26.0.20",
                "@types/listr": "^0.14.3",
                "@types/node": "^14.14.33",
                "@types/pem": "^1.9.5",
                "@types/react": "^16.9.46",
                "@typescript-eslint/eslint-plugin": "^2.34.0",
                "@typescript-eslint/parser": "^2.34.0",
                "babel-jest": "^26.6.3",
                "eslint": "^6.6.0",
                "eslint-config-prettier": "^6.11.0",
                "eslint-plugin-prettier": "^3.1.4",
                "eslint-plugin-react": "^7.21.2",
                "eslint-plugin-react-hooks": "^4.1.2",
                "jest": "^27.0.3",
                "jest-expo": "^41.0.0",
                "prettier": "^2.0.5",
                "react-test-renderer": "^17.0.1"
            }
        },
        ".yalc/@equinor/echo-cli": {
            "version": "0.1.15",
            "extraneous": true,
            "license": "MIT",
            "dependencies": {
                "@babel/core": "^7.12.10",
                "@babel/plugin-external-helpers": "^7.12.13",
                "@babel/preset-env": "^7.14.4",
                "@babel/preset-react": "^7.13.13",
                "@babel/preset-typescript": "^7.12.7",
                "@oclif/command": "^1.8.0",
                "@pmmmwh/react-refresh-webpack-plugin": "^0.4.3",
                "@rollup/plugin-babel": "^5.3.0",
                "@rollup/plugin-commonjs": "^19.0.0",
                "@rollup/plugin-json": "^4.1.0",
                "@rollup/plugin-node-resolve": "^11.2.1",
                "@rollup/plugin-url": "^6.0.0",
                "@svgr/rollup": "^5.5.0",
                "autoprefixer": "^10.2.5",
                "axios": "^0.21.1",
                "babel-loader": "^8.2.2",
                "babel-polyfill": "^6.26.0",
                "chalk": "^4.1.0",
                "clean-webpack-plugin": "^4.0.0-alpha.0",
                "css-loader": "^5.2.6",
                "dotenv-webpack": "^7.0.3",
                "execa": "^5.0.0",
                "figlet": "^1.5.0",
                "html-webpack-plugin": "^5.3.2",
                "inquirer": "^8.0.0",
                "listr": "^0.14.3",
                "ncp": "^2.0.0",
                "pem": "^1.14.4",
                "pkg-install": "^1.0.0",
                "postcss": "^8.3.0",
                "react": "17.0.1",
                "replace-in-file-webpack-plugin": "^1.0.6",
                "rollup": "^2.34.1",
                "rollup-plugin-cleanup": "^3.2.1",
                "rollup-plugin-delete": "^2.0.0",
                "rollup-plugin-livereload": "^2.0.0",
                "rollup-plugin-node-polyfills": "^0.2.1",
                "rollup-plugin-postcss": "^4.0.0",
                "rollup-plugin-preserve-shebangs": "^0.2.0",
                "rollup-plugin-serve": "^1.1.0",
                "rollup-plugin-typescript-paths": "^1.3.0",
                "rollup-plugin-typescript2": "^0.30.0",
                "rollup-plugin-web-worker-loader": "^1.6.1",
                "style-loader": "^3.0.0",
                "terser-webpack-plugin": "^5.1.4",
                "ts-loader": "^9.2.3",
                "typescript": "^4.2.3",
                "webpack": "^5.40.0",
                "webpack-bundle-analyzer": "^4.4.2",
                "webpack-dev-server": "^3.11.2",
                "webpackbar": "^5.0.0-3"
            },
            "bin": {
                "echo-build": "lib/echo-build.js",
                "echo-create": "lib/echo-create.js",
                "echo-manifest": "lib/echo-manifest.js",
                "echo-publish-module": "lib/echo-publish.js",
                "echo-run": "lib/echo-run.js"
            }
        },
        "node_modules/@azure/msal-browser": {
            "version": "2.8.0",
            "resolved": "https://registry.npmjs.org/@azure/msal-browser/-/msal-browser-2.8.0.tgz",
            "integrity": "sha512-I6n7EQnwsZXgKPOLlS5X48jhzUNUFwMVm180wDBA/pwEkUy8ei6zWiPMBfWaMSxz9uNx9WHaEhgAyhJy0ze3AQ==",
            "dev": true,
            "dependencies": {
                "@azure/msal-common": "^2.0.0"
            },
            "engines": {
                "node": ">=0.8.0"
            }
        },
        "node_modules/@azure/msal-common": {
            "version": "2.1.0",
            "resolved": "https://registry.npmjs.org/@azure/msal-common/-/msal-common-2.1.0.tgz",
            "integrity": "sha512-Y1Id+jG59S3eY2ZQQtUA/lxwbRcgjcWaiib9YX+SwV3zeRauKfEiZT7l3z+lwV+T+Sst20F6l1mJsfQcfE7CEQ==",
            "dev": true,
            "dependencies": {
                "debug": "^4.1.1"
            },
            "engines": {
                "node": ">=0.8.0"
            }
        },
        "node_modules/@dbeining/react-atom": {
            "version": "4.1.21",
            "resolved": "https://registry.npmjs.org/@dbeining/react-atom/-/react-atom-4.1.21.tgz",
            "integrity": "sha512-lHAyDaIlLpcx5hl6YOv6FFxODOE+Qa2nsvA/oAlk4dv7AWR6hbb3nBU6naaOwFVY3l7urBPJezmNxI/Pixo1Pg==",
            "dev": true,
            "dependencies": {
                "@libre/atom": "^1.3.2"
            },
            "peerDependencies": {
                "react": ">=16.7.0-alpha.0 || >=16.8.0-alpha.0 || >= 16.8.0 < 17",
                "react-dom": ">=16.7.0-alpha.0 || >=16.8.0-alpha.0 || >= 16.8.0 < 17"
            }
        },
        "node_modules/@equinor/echo-base": {
            "version": "0.2.108",
            "resolved": "https://registry.npmjs.org/@equinor/echo-base/-/echo-base-0.2.108.tgz",
            "integrity": "sha512-d0kNg5pLxXrOiwjBMNUBH4Q8Y4MJwLYtxDmju0umkhD9o+iZZj5/FR/bL4RCLG5CSlbupo+q0EzkTO8FmCpy2w==",
            "dev": true,
            "dependencies": {
                "tslib": "^2.2.0"
            }
        },
        "node_modules/@equinor/echo-cli": {
            "resolved": "..",
            "link": true
        },
        "node_modules/@equinor/echo-components": {
            "version": "0.0.12",
            "resolved": "https://registry.npmjs.org/@equinor/echo-components/-/echo-components-0.0.12.tgz",
            "integrity": "sha512-4qI765eWT0VNPfJtB3ZMds6FvyB4L5FVWaJRbF7jz8txNYDdgPpjbQkUbEp7VahM6yyqFxRPyo4BNN7ESq9EbQ==",
            "dev": true,
            "dependencies": {
                "react-sortablejs": "^6.0.0"
            },
            "peerDependencies": {
                "@equinor/echo-core": "0.0.4",
                "@equinor/echo-utils": "0.0.4",
                "@equinor/eds-core-react": "^0.8.3",
                "react": "^16.13.1",
                "react-dom": "^16.13.1",
                "styled-components": "^5.2.1"
            }
        },
        "node_modules/@equinor/echo-core": {
            "version": "0.2.111",
            "resolved": "https://registry.npmjs.org/@equinor/echo-core/-/echo-core-0.2.111.tgz",
            "integrity": "sha512-o5j49zJslkIJMsgV3sZ7HoU3CcK/2Xq6uUrRr+BToUL1yQD82UUaCG+8grhZSaChKDETOffeafzoHq1txMFYHw==",
            "dev": true,
            "dependencies": {
                "@azure/msal-browser": "2.8.0",
                "@dbeining/react-atom": "^4.1.17"
            },
            "peerDependencies": {
                "@equinor/echo-base": "^0.2.108",
                "react": ">=17.0.2",
                "react-dom": ">=17.0.2",
                "react-router": ">=5.2.0",
                "react-router-dom": ">=5.2.0"
            }
        },
        "node_modules/@equinor/echo-scripts": {
            "version": "0.1.5",
            "resolved": "https://registry.npmjs.org/@equinor/echo-scripts/-/echo-scripts-0.1.5.tgz",
            "integrity": "sha512-+4WvyymQolWYBZAYPlFiOlSfOl6JenrP4/p6dqrVfuYSjJcADkcECuVBDx89mHnHyP42YZ4fP5rBtKb4CFf0lw==",
            "dev": true
        },
        "node_modules/@equinor/echo-utils": {
            "version": "0.0.9",
            "resolved": "https://registry.npmjs.org/@equinor/echo-utils/-/echo-utils-0.0.9.tgz",
            "integrity": "sha512-bDgqV42cLCBELlYOK0ZuHQRnsKfCXbF41w1UCeyw/ad8A/gjUJ8Ile1G5E61ThHMqGElUoZF4DmL1jP//xnA4Q==",
            "dev": true,
            "dependencies": {
                "react-cool-onclickoutside": "^1.6.1"
            },
            "peerDependencies": {
                "react": "^17.0.1",
                "react-dom": "^17.0.1"
            }
        },
        "node_modules/@libre/atom": {
            "version": "1.3.3",
            "resolved": "https://registry.npmjs.org/@libre/atom/-/atom-1.3.3.tgz",
            "integrity": "sha512-u6VDBBeSYuxBIdyGV1FybaeYndP/E8npGKzbYJgxUKQ0L9MsBMWuEP0O/45KcdNhnEaxm+GozSvkGgMJtoWBqg==",
            "dev": true
        },
        "node_modules/@types/prop-types": {
            "version": "15.7.4",
            "resolved": "https://registry.npmjs.org/@types/prop-types/-/prop-types-15.7.4.tgz",
            "integrity": "sha512-rZ5drC/jWjrArrS8BR6SIr4cWpW09RNTYt9AMZo3Jwwif+iacXAqgVjm0B0Bv/S1jhDXKHqRVNCbACkJ89RAnQ==",
            "dev": true
        },
        "node_modules/@types/react": {
            "version": "17.0.18",
            "resolved": "https://registry.npmjs.org/@types/react/-/react-17.0.18.tgz",
            "integrity": "sha512-YTLgu7oS5zvSqq49X5Iue5oAbVGhgPc5Au29SJC4VeE17V6gASoOxVkUDy9pXFMRFxCWCD9fLeweNFizo3UzOg==",
            "dev": true,
            "dependencies": {
                "@types/prop-types": "*",
                "@types/scheduler": "*",
                "csstype": "^3.0.2"
            }
        },
        "node_modules/@types/scheduler": {
            "version": "0.16.2",
            "resolved": "https://registry.npmjs.org/@types/scheduler/-/scheduler-0.16.2.tgz",
            "integrity": "sha512-hppQEBDmlwhFAXKJX2KnWLYu5yMfi91yazPb2l+lbJiwW+wdo1gNeRA+3RgNSO39WYX2euey41KEwnqesU2Jew==",
            "dev": true
        },
        "node_modules/classnames": {
            "version": "2.3.1",
            "resolved": "https://registry.npmjs.org/classnames/-/classnames-2.3.1.tgz",
            "integrity": "sha512-OlQdbZ7gLfGarSqxesMesDa5uz7KFbID8Kpq/SxIoNGDqY8lSYs0D+hhtBXhcdB3rcbXArFr7vlHheLk1voeNA==",
            "dev": true
        },
        "node_modules/csstype": {
            "version": "3.0.8",
            "resolved": "https://registry.npmjs.org/csstype/-/csstype-3.0.8.tgz",
            "integrity": "sha512-jXKhWqXPmlUeoQnF/EhTtTl4C9SnrxSH/jZUih3jmO6lBKr99rP3/+FmrMj4EFpOXzMtXHAZkd3x0E6h6Fgflw==",
            "dev": true
        },
        "node_modules/debug": {
            "version": "4.3.2",
            "resolved": "https://registry.npmjs.org/debug/-/debug-4.3.2.tgz",
            "integrity": "sha512-mOp8wKcvj7XxC78zLgw/ZA+6TSgkoE2C/ienthhRD298T7UNwAg9diBpLRxC0mOezLl4B0xV7M0cCO6P/O0Xhw==",
            "dev": true,
            "dependencies": {
                "ms": "2.1.2"
            },
            "engines": {
                "node": ">=6.0"
            },
            "peerDependenciesMeta": {
                "supports-color": {
                    "optional": true
                }
            }
        },
        "node_modules/js-tokens": {
            "version": "4.0.0",
            "resolved": "https://registry.npmjs.org/js-tokens/-/js-tokens-4.0.0.tgz",
            "integrity": "sha512-RdJUflcE3cUzKiMqQgsCu06FPu9UdIJO0beYbPhHN4k6apgJtifcoCtT9bcxOpYBtpD2kCM6Sbzg4CausW/PKQ==",
            "dev": true
        },
        "node_modules/loose-envify": {
            "version": "1.4.0",
            "resolved": "https://registry.npmjs.org/loose-envify/-/loose-envify-1.4.0.tgz",
            "integrity": "sha512-lyuxPGr/Wfhrlem2CL/UcnUc1zcqKAImBDzukY7Y5F/yQiNdko6+fRLevlw1HgMySw7f611UIY408EtxRSoK3Q==",
            "dev": true,
            "dependencies": {
                "js-tokens": "^3.0.0 || ^4.0.0"
            },
            "bin": {
                "loose-envify": "cli.js"
            }
        },
        "node_modules/ms": {
            "version": "2.1.2",
            "resolved": "https://registry.npmjs.org/ms/-/ms-2.1.2.tgz",
            "integrity": "sha512-sGkPx+VjMtmA6MX27oA4FBFELFCZZ4S4XqeGOXCv68tT+jb3vk/RyaKWP0PTKyWtmLSM0b+adUTEvbs1PEaH2w==",
            "dev": true
        },
        "node_modules/object-assign": {
            "version": "4.1.1",
            "resolved": "https://registry.npmjs.org/object-assign/-/object-assign-4.1.1.tgz",
            "integrity": "sha1-IQmtx5ZYh8/AXLvUQsrIv7s2CGM=",
            "dev": true,
            "engines": {
                "node": ">=0.10.0"
            }
        },
        "node_modules/react": {
            "version": "17.0.2",
            "resolved": "https://registry.npmjs.org/react/-/react-17.0.2.tgz",
            "integrity": "sha512-gnhPt75i/dq/z3/6q/0asP78D0u592D5L1pd7M8P+dck6Fu/jJeL6iVVK23fptSUZj8Vjf++7wXA8UNclGQcbA==",
            "dev": true,
            "dependencies": {
                "loose-envify": "^1.1.0",
                "object-assign": "^4.1.1"
            },
            "engines": {
                "node": ">=0.10.0"
            }
        },
        "node_modules/react-cool-onclickoutside": {
            "version": "1.6.2",
            "resolved": "https://registry.npmjs.org/react-cool-onclickoutside/-/react-cool-onclickoutside-1.6.2.tgz",
            "integrity": "sha512-x999CH2gHLYnW7LvaLOFNt4/CEWaFiqMrGCkzjDZJC+7FuIsgZZ8CZ4urb9K9lSukmlv8WFGU94BzWPhQRJ4lQ==",
            "dev": true,
            "peerDependencies": {
                "react": ">= 16.8.0"
            }
        },
        "node_modules/react-dom": {
            "version": "17.0.2",
            "resolved": "https://registry.npmjs.org/react-dom/-/react-dom-17.0.2.tgz",
            "integrity": "sha512-s4h96KtLDUQlsENhMn1ar8t2bEa+q/YAtj8pPPdIjPDGBDIVNsrD9aXNWqspUe6AzKCIG0C1HZZLqLV7qpOBGA==",
            "dev": true,
            "dependencies": {
                "loose-envify": "^1.1.0",
                "object-assign": "^4.1.1",
                "scheduler": "^0.20.2"
            },
            "peerDependencies": {
                "react": "17.0.2"
            }
        },
        "node_modules/react-sortablejs": {
            "version": "6.0.0",
            "resolved": "https://registry.npmjs.org/react-sortablejs/-/react-sortablejs-6.0.0.tgz",
            "integrity": "sha512-vzi+TWOnofcYg+dYnC/Iz/ZZkBGG76uM6KaLwuAqBk0349JQxIy3PZizbK0TJdLlK6NnLt4CiEyyQXSSnVYvEw==",
            "dev": true,
            "dependencies": {
                "classnames": "^2.2.6",
                "tiny-invariant": "^1.1.0"
            },
            "peerDependencies": {
                "@types/sortablejs": "^1.10.0",
                "react": "^16.9.0",
                "react-dom": "^16.9.0",
                "sortablejs": "^1.10.0"
            }
        },
        "node_modules/scheduler": {
            "version": "0.20.2",
            "resolved": "https://registry.npmjs.org/scheduler/-/scheduler-0.20.2.tgz",
            "integrity": "sha512-2eWfGgAqqWFGqtdMmcL5zCMK1U8KlXv8SQFGglL3CEtd0aDVDWgeF/YoCmvln55m5zSk3J/20hTaSBeSObsQDQ==",
            "dev": true,
            "dependencies": {
                "loose-envify": "^1.1.0",
                "object-assign": "^4.1.1"
            }
        },
        "node_modules/tiny-invariant": {
            "version": "1.1.0",
            "resolved": "https://registry.npmjs.org/tiny-invariant/-/tiny-invariant-1.1.0.tgz",
            "integrity": "sha512-ytxQvrb1cPc9WBEI/HSeYYoGD0kWnGEOR8RY6KomWLBVhqz0RgTwVO9dLrGz7dC+nN9llyI7OKAgRq8Vq4ZBSw==",
            "dev": true
        },
        "node_modules/tslib": {
            "version": "2.3.1",
            "resolved": "https://registry.npmjs.org/tslib/-/tslib-2.3.1.tgz",
            "integrity": "sha512-77EbyPPpMz+FRFRuAFlWMtmgUWGe9UOG2Z25NqCwiIjRhOf5iKGuzSe5P2w1laq+FkRy4p+PCuVkJSGkzTEKVw==",
            "dev": true
        }
    },
    "dependencies": {
        "@azure/msal-browser": {
            "version": "2.8.0",
            "resolved": "https://registry.npmjs.org/@azure/msal-browser/-/msal-browser-2.8.0.tgz",
            "integrity": "sha512-I6n7EQnwsZXgKPOLlS5X48jhzUNUFwMVm180wDBA/pwEkUy8ei6zWiPMBfWaMSxz9uNx9WHaEhgAyhJy0ze3AQ==",
            "dev": true,
            "requires": {
                "@azure/msal-common": "^2.0.0"
            }
        },
        "@azure/msal-common": {
            "version": "2.1.0",
            "resolved": "https://registry.npmjs.org/@azure/msal-common/-/msal-common-2.1.0.tgz",
            "integrity": "sha512-Y1Id+jG59S3eY2ZQQtUA/lxwbRcgjcWaiib9YX+SwV3zeRauKfEiZT7l3z+lwV+T+Sst20F6l1mJsfQcfE7CEQ==",
            "dev": true,
            "requires": {
                "debug": "^4.1.1"
            }
        },
        "@dbeining/react-atom": {
            "version": "4.1.21",
            "resolved": "https://registry.npmjs.org/@dbeining/react-atom/-/react-atom-4.1.21.tgz",
            "integrity": "sha512-lHAyDaIlLpcx5hl6YOv6FFxODOE+Qa2nsvA/oAlk4dv7AWR6hbb3nBU6naaOwFVY3l7urBPJezmNxI/Pixo1Pg==",
            "dev": true,
            "requires": {
                "@libre/atom": "^1.3.2"
            }
        },
        "@equinor/echo-base": {
            "version": "0.2.108",
            "resolved": "https://registry.npmjs.org/@equinor/echo-base/-/echo-base-0.2.108.tgz",
            "integrity": "sha512-d0kNg5pLxXrOiwjBMNUBH4Q8Y4MJwLYtxDmju0umkhD9o+iZZj5/FR/bL4RCLG5CSlbupo+q0EzkTO8FmCpy2w==",
            "dev": true,
            "requires": {
                "tslib": "^2.2.0"
            }
        },
        "@equinor/echo-cli": {
            "version": "file:..",
            "requires": {
                "@babel/core": "^7.12.10",
                "@babel/plugin-external-helpers": "^7.12.13",
                "@babel/preset-env": "^7.14.4",
                "@babel/preset-react": "^7.13.13",
                "@babel/preset-typescript": "^7.12.7",
                "@microsoft/microsoft-graph-types": "^1.20.0",
                "@oclif/command": "^1.8.0",
                "@pmmmwh/react-refresh-webpack-plugin": "^0.4.3",
                "@rollup/plugin-babel": "^5.3.0",
                "@rollup/plugin-commonjs": "^19.0.0",
                "@rollup/plugin-json": "^4.1.0",
                "@rollup/plugin-node-resolve": "^11.2.1",
                "@rollup/plugin-url": "^6.0.0",
                "@svgr/rollup": "^5.5.0",
                "@types/jest": "^26.0.20",
                "@types/listr": "^0.14.3",
                "@types/node": "^14.14.33",
                "@types/pem": "^1.9.5",
                "@types/react": "^16.9.46",
                "@typescript-eslint/eslint-plugin": "^2.34.0",
                "@typescript-eslint/parser": "^2.34.0",
                "autoprefixer": "^10.2.5",
                "axios": "^0.21.1",
                "babel-jest": "^26.6.3",
                "babel-loader": "^8.2.2",
                "babel-polyfill": "^6.26.0",
                "chalk": "^4.1.0",
                "clean-webpack-plugin": "^4.0.0-alpha.0",
                "css-loader": "^5.2.6",
                "dotenv-webpack": "^7.0.3",
                "eslint": "^6.6.0",
                "eslint-config-prettier": "^6.11.0",
                "eslint-plugin-prettier": "^3.1.4",
                "eslint-plugin-react": "^7.21.2",
                "eslint-plugin-react-hooks": "^4.1.2",
                "execa": "^5.0.0",
                "figlet": "^1.5.0",
                "html-webpack-plugin": "^5.3.2",
                "inquirer": "^8.0.0",
                "jest": "^27.0.3",
                "jest-expo": "^41.0.0",
                "listr": "^0.14.3",
                "ncp": "^2.0.0",
                "pem": "^1.14.4",
                "pkg-install": "^1.0.0",
                "postcss": "^8.3.0",
                "prettier": "^2.0.5",
                "react": "17.0.1",
                "react-test-renderer": "^17.0.1",
                "replace-in-file-webpack-plugin": "^1.0.6",
                "rollup": "^2.34.1",
                "rollup-plugin-cleanup": "^3.2.1",
                "rollup-plugin-delete": "^2.0.0",
                "rollup-plugin-livereload": "^2.0.0",
                "rollup-plugin-node-polyfills": "^0.2.1",
                "rollup-plugin-postcss": "^4.0.0",
                "rollup-plugin-preserve-shebangs": "^0.2.0",
                "rollup-plugin-serve": "^1.1.0",
                "rollup-plugin-typescript-paths": "^1.3.0",
                "rollup-plugin-typescript2": "^0.30.0",
                "rollup-plugin-web-worker-loader": "^1.6.1",
                "style-loader": "^3.0.0",
                "terser-webpack-plugin": "^5.1.4",
                "ts-loader": "^9.2.3",
                "typescript": "^4.2.3",
                "webpack": "^5.40.0",
                "webpack-bundle-analyzer": "^4.4.2",
                "webpack-dev-server": "^3.11.2",
                "webpackbar": "^5.0.0-3"
            }
        },
        "@equinor/echo-components": {
            "version": "0.0.12",
            "resolved": "https://registry.npmjs.org/@equinor/echo-components/-/echo-components-0.0.12.tgz",
            "integrity": "sha512-4qI765eWT0VNPfJtB3ZMds6FvyB4L5FVWaJRbF7jz8txNYDdgPpjbQkUbEp7VahM6yyqFxRPyo4BNN7ESq9EbQ==",
            "dev": true,
            "requires": {
                "react-sortablejs": "^6.0.0"
            }
        },
        "@equinor/echo-core": {
            "version": "0.2.111",
            "resolved": "https://registry.npmjs.org/@equinor/echo-core/-/echo-core-0.2.111.tgz",
            "integrity": "sha512-o5j49zJslkIJMsgV3sZ7HoU3CcK/2Xq6uUrRr+BToUL1yQD82UUaCG+8grhZSaChKDETOffeafzoHq1txMFYHw==",
            "dev": true,
            "requires": {
                "@azure/msal-browser": "2.8.0",
                "@dbeining/react-atom": "^4.1.17"
            }
        },
        "@equinor/echo-scripts": {
            "version": "0.1.5",
            "resolved": "https://registry.npmjs.org/@equinor/echo-scripts/-/echo-scripts-0.1.5.tgz",
            "integrity": "sha512-+4WvyymQolWYBZAYPlFiOlSfOl6JenrP4/p6dqrVfuYSjJcADkcECuVBDx89mHnHyP42YZ4fP5rBtKb4CFf0lw==",
            "dev": true
        },
        "@equinor/echo-utils": {
            "version": "0.0.9",
            "resolved": "https://registry.npmjs.org/@equinor/echo-utils/-/echo-utils-0.0.9.tgz",
            "integrity": "sha512-bDgqV42cLCBELlYOK0ZuHQRnsKfCXbF41w1UCeyw/ad8A/gjUJ8Ile1G5E61ThHMqGElUoZF4DmL1jP//xnA4Q==",
            "dev": true,
            "requires": {
                "react-cool-onclickoutside": "^1.6.1"
            }
        },
        "@libre/atom": {
            "version": "1.3.3",
            "resolved": "https://registry.npmjs.org/@libre/atom/-/atom-1.3.3.tgz",
            "integrity": "sha512-u6VDBBeSYuxBIdyGV1FybaeYndP/E8npGKzbYJgxUKQ0L9MsBMWuEP0O/45KcdNhnEaxm+GozSvkGgMJtoWBqg==",
            "dev": true
        },
        "@types/prop-types": {
            "version": "15.7.4",
            "resolved": "https://registry.npmjs.org/@types/prop-types/-/prop-types-15.7.4.tgz",
            "integrity": "sha512-rZ5drC/jWjrArrS8BR6SIr4cWpW09RNTYt9AMZo3Jwwif+iacXAqgVjm0B0Bv/S1jhDXKHqRVNCbACkJ89RAnQ==",
            "dev": true
        },
        "@types/react": {
            "version": "17.0.18",
            "resolved": "https://registry.npmjs.org/@types/react/-/react-17.0.18.tgz",
            "integrity": "sha512-YTLgu7oS5zvSqq49X5Iue5oAbVGhgPc5Au29SJC4VeE17V6gASoOxVkUDy9pXFMRFxCWCD9fLeweNFizo3UzOg==",
            "dev": true,
            "requires": {
                "@types/prop-types": "*",
                "@types/scheduler": "*",
                "csstype": "^3.0.2"
            }
        },
        "@types/scheduler": {
            "version": "0.16.2",
            "resolved": "https://registry.npmjs.org/@types/scheduler/-/scheduler-0.16.2.tgz",
            "integrity": "sha512-hppQEBDmlwhFAXKJX2KnWLYu5yMfi91yazPb2l+lbJiwW+wdo1gNeRA+3RgNSO39WYX2euey41KEwnqesU2Jew==",
            "dev": true
        },
        "classnames": {
            "version": "2.3.1",
            "resolved": "https://registry.npmjs.org/classnames/-/classnames-2.3.1.tgz",
            "integrity": "sha512-OlQdbZ7gLfGarSqxesMesDa5uz7KFbID8Kpq/SxIoNGDqY8lSYs0D+hhtBXhcdB3rcbXArFr7vlHheLk1voeNA==",
            "dev": true
        },
        "csstype": {
            "version": "3.0.8",
            "resolved": "https://registry.npmjs.org/csstype/-/csstype-3.0.8.tgz",
            "integrity": "sha512-jXKhWqXPmlUeoQnF/EhTtTl4C9SnrxSH/jZUih3jmO6lBKr99rP3/+FmrMj4EFpOXzMtXHAZkd3x0E6h6Fgflw==",
            "dev": true
        },
        "debug": {
            "version": "4.3.2",
            "resolved": "https://registry.npmjs.org/debug/-/debug-4.3.2.tgz",
            "integrity": "sha512-mOp8wKcvj7XxC78zLgw/ZA+6TSgkoE2C/ienthhRD298T7UNwAg9diBpLRxC0mOezLl4B0xV7M0cCO6P/O0Xhw==",
            "dev": true,
            "requires": {
                "ms": "2.1.2"
            }
        },
        "js-tokens": {
            "version": "4.0.0",
            "resolved": "https://registry.npmjs.org/js-tokens/-/js-tokens-4.0.0.tgz",
            "integrity": "sha512-RdJUflcE3cUzKiMqQgsCu06FPu9UdIJO0beYbPhHN4k6apgJtifcoCtT9bcxOpYBtpD2kCM6Sbzg4CausW/PKQ==",
            "dev": true
        },
        "loose-envify": {
            "version": "1.4.0",
            "resolved": "https://registry.npmjs.org/loose-envify/-/loose-envify-1.4.0.tgz",
            "integrity": "sha512-lyuxPGr/Wfhrlem2CL/UcnUc1zcqKAImBDzukY7Y5F/yQiNdko6+fRLevlw1HgMySw7f611UIY408EtxRSoK3Q==",
            "dev": true,
            "requires": {
                "js-tokens": "^3.0.0 || ^4.0.0"
            }
        },
        "ms": {
            "version": "2.1.2",
            "resolved": "https://registry.npmjs.org/ms/-/ms-2.1.2.tgz",
            "integrity": "sha512-sGkPx+VjMtmA6MX27oA4FBFELFCZZ4S4XqeGOXCv68tT+jb3vk/RyaKWP0PTKyWtmLSM0b+adUTEvbs1PEaH2w==",
            "dev": true
        },
        "object-assign": {
            "version": "4.1.1",
            "resolved": "https://registry.npmjs.org/object-assign/-/object-assign-4.1.1.tgz",
            "integrity": "sha1-IQmtx5ZYh8/AXLvUQsrIv7s2CGM=",
            "dev": true
        },
        "react": {
            "version": "17.0.2",
            "resolved": "https://registry.npmjs.org/react/-/react-17.0.2.tgz",
            "integrity": "sha512-gnhPt75i/dq/z3/6q/0asP78D0u592D5L1pd7M8P+dck6Fu/jJeL6iVVK23fptSUZj8Vjf++7wXA8UNclGQcbA==",
            "dev": true,
            "requires": {
                "loose-envify": "^1.1.0",
                "object-assign": "^4.1.1"
            }
        },
        "react-cool-onclickoutside": {
            "version": "1.6.2",
            "resolved": "https://registry.npmjs.org/react-cool-onclickoutside/-/react-cool-onclickoutside-1.6.2.tgz",
            "integrity": "sha512-x999CH2gHLYnW7LvaLOFNt4/CEWaFiqMrGCkzjDZJC+7FuIsgZZ8CZ4urb9K9lSukmlv8WFGU94BzWPhQRJ4lQ==",
            "dev": true,
            "requires": {}
        },
        "react-dom": {
            "version": "17.0.2",
            "resolved": "https://registry.npmjs.org/react-dom/-/react-dom-17.0.2.tgz",
            "integrity": "sha512-s4h96KtLDUQlsENhMn1ar8t2bEa+q/YAtj8pPPdIjPDGBDIVNsrD9aXNWqspUe6AzKCIG0C1HZZLqLV7qpOBGA==",
            "dev": true,
            "requires": {
                "loose-envify": "^1.1.0",
                "object-assign": "^4.1.1",
                "scheduler": "^0.20.2"
            }
        },
        "react-sortablejs": {
            "version": "6.0.0",
            "resolved": "https://registry.npmjs.org/react-sortablejs/-/react-sortablejs-6.0.0.tgz",
            "integrity": "sha512-vzi+TWOnofcYg+dYnC/Iz/ZZkBGG76uM6KaLwuAqBk0349JQxIy3PZizbK0TJdLlK6NnLt4CiEyyQXSSnVYvEw==",
            "dev": true,
            "requires": {
                "classnames": "^2.2.6",
                "tiny-invariant": "^1.1.0"
            }
        },
        "scheduler": {
            "version": "0.20.2",
            "resolved": "https://registry.npmjs.org/scheduler/-/scheduler-0.20.2.tgz",
            "integrity": "sha512-2eWfGgAqqWFGqtdMmcL5zCMK1U8KlXv8SQFGglL3CEtd0aDVDWgeF/YoCmvln55m5zSk3J/20hTaSBeSObsQDQ==",
            "dev": true,
            "requires": {
                "loose-envify": "^1.1.0",
                "object-assign": "^4.1.1"
            }
        },
        "tiny-invariant": {
            "version": "1.1.0",
            "resolved": "https://registry.npmjs.org/tiny-invariant/-/tiny-invariant-1.1.0.tgz",
            "integrity": "sha512-ytxQvrb1cPc9WBEI/HSeYYoGD0kWnGEOR8RY6KomWLBVhqz0RgTwVO9dLrGz7dC+nN9llyI7OKAgRq8Vq4ZBSw==",
            "dev": true
        },
        "tslib": {
            "version": "2.3.1",
            "resolved": "https://registry.npmjs.org/tslib/-/tslib-2.3.1.tgz",
            "integrity": "sha512-77EbyPPpMz+FRFRuAFlWMtmgUWGe9UOG2Z25NqCwiIjRhOf5iKGuzSe5P2w1laq+FkRy4p+PCuVkJSGkzTEKVw==",
            "dev": true
        }
    }
}
