{
    "name": "echo-app-template",
    "version": "0.0.1",
    "lockfileVersion": 1,
    "requires": true,
    "dependencies": {
        "@azure/msal-browser": {
            "version": "2.14.1",
            "resolved": "https://registry.npmjs.org/@azure/msal-browser/-/msal-browser-2.14.1.tgz",
            "integrity": "sha512-J2YgonII+/ureLk7jZddup15y5QlR1bj9dLSIcIluwn9l1TdqZXfbwvMeLgd2xmMPIuEKVyRwUkw2QMxZ7lehQ==",
            "dev": true,
            "requires": {
                "@azure/msal-common": "^4.2.1"
            }
        },
        "@azure/msal-common": {
            "version": "4.2.1",
            "resolved": "https://registry.npmjs.org/@azure/msal-common/-/msal-common-4.2.1.tgz",
            "integrity": "sha512-f6na0yqY+rUJ54m79TmFbG8BH1nFvlW+ETtYUGdZpJUO+/RgDVnRzkoj5PVQd6y7czKYlrBRetAcZEE+yGh+/g==",
            "dev": true,
            "requires": {
                "debug": "^4.1.1"
            }
        },
        "@dbeining/react-atom": {
            "version": "4.1.16",
            "resolved": "https://registry.npmjs.org/@dbeining/react-atom/-/react-atom-4.1.16.tgz",
            "integrity": "sha512-F2+L0lNaP4C+huvPqeHvKGPnFoB0IlqN+afD3XGL1SAfI+ivZCcVHT9EdYjY3bVNSIh2zkO+RZt9jT62Wc3yuA==",
            "dev": true,
            "requires": {
                "@libre/atom": "^1.3.2"
            }
        },
        "@equinor/echo-base": {
            "version": "0.2.61",
            "resolved": "https://registry.npmjs.org/@equinor/echo-base/-/echo-base-0.2.61.tgz",
            "integrity": "sha512-Wnwynwg2FR10bxVogfjvHk29NBhNrBSFOzYw3WMZ0R3fQ+STGoj/CPYsDAjEgBkKXjcR8wNidOFVqZBdPXsw0w==",
            "dev": true,
            "requires": {
                "tslib": "^2.2.0"
            }
        },
        "@equinor/echo-core": {
            "version": "0.1.46",
            "resolved": "https://registry.npmjs.org/@equinor/echo-core/-/echo-core-0.1.46.tgz",
            "integrity": "sha512-Dw3T31R4tEAwHtv70z+Kl3duN4KUOEwhmwQa9aiwK9MUUZphOsxU5ktt6WC/U6ywCr9cltS32ah5Hdf5Zws8kA==",
            "dev": true,
            "requires": {
                "@azure/msal-browser": "^2.8.0",
                "@dbeining/react-atom": "^4.1.12"
            }
        },
        "@libre/atom": {
            "version": "1.3.3",
            "resolved": "https://registry.npmjs.org/@libre/atom/-/atom-1.3.3.tgz",
            "integrity": "sha512-u6VDBBeSYuxBIdyGV1FybaeYndP/E8npGKzbYJgxUKQ0L9MsBMWuEP0O/45KcdNhnEaxm+GozSvkGgMJtoWBqg==",
            "dev": true
        },
        "debug": {
            "version": "4.3.1",
            "resolved": "https://registry.npmjs.org/debug/-/debug-4.3.1.tgz",
            "integrity": "sha512-doEwdvm4PCeK4K3RQN2ZC2BYUBaxwLARCqZmMjtF8a51J2Rb0xpVloFRnCODwqjpwnAoao4pelN8l3RJdv3gRQ==",
            "dev": true,
            "requires": {
                "ms": "2.1.2"
            }
        },
        "ms": {
            "version": "2.1.2",
            "resolved": "https://registry.npmjs.org/ms/-/ms-2.1.2.tgz",
            "integrity": "sha512-sGkPx+VjMtmA6MX27oA4FBFELFCZZ4S4XqeGOXCv68tT+jb3vk/RyaKWP0PTKyWtmLSM0b+adUTEvbs1PEaH2w==",
            "dev": true
        },
        "tslib": {
            "version": "2.2.0",
            "resolved": "https://registry.npmjs.org/tslib/-/tslib-2.2.0.tgz",
            "integrity": "sha512-gS9GVHRU+RGn5KQM2rllAlR3dU6m7AcpJKdtH8gFvQiC4Otgk98XnmMU+nZenHt/+VhnBPWwgrJsyrdcw6i23w==",
            "dev": true
        }
    }
}
